// !$*UTF8*$!
{
	archiveVersion = 1;
	classes = {
	};
	objectVersion = 46;
	objects = {

/* Begin PBXBuildFile section */
		44529C7F1ABD4231006C290A /* main.m in Sources */ = {isa = PBXBuildFile; fileRef = 44529C7E1ABD4231006C290A /* main.m */; };
		44529C821ABD4231006C290A /* AppDelegate.m in Sources */ = {isa = PBXBuildFile; fileRef = 44529C811ABD4231006C290A /* AppDelegate.m */; };
		44529C851ABD4231006C290A /* ViewController.m in Sources */ = {isa = PBXBuildFile; fileRef = 44529C841ABD4231006C290A /* ViewController.m */; };
		44529C881ABD4231006C290A /* Main.storyboard in Resources */ = {isa = PBXBuildFile; fileRef = 44529C861ABD4231006C290A /* Main.storyboard */; };
		44529C8A1ABD4231006C290A /* Images.xcassets in Resources */ = {isa = PBXBuildFile; fileRef = 44529C891ABD4231006C290A /* Images.xcassets */; };
		44529C8D1ABD4231006C290A /* LaunchScreen.xib in Resources */ = {isa = PBXBuildFile; fileRef = 44529C8B1ABD4231006C290A /* LaunchScreen.xib */; };
		44529C991ABD4231006C290A /* TestApplicationTests.m in Sources */ = {isa = PBXBuildFile; fileRef = 44529C981ABD4231006C290A /* TestApplicationTests.m */; };
/* End PBXBuildFile section */

/* Begin PBXContainerItemProxy section */
		44529C931ABD4231006C290A /* PBXContainerItemProxy */ = {
			isa = PBXContainerItemProxy;
			containerPortal = 44529C711ABD4231006C290A /* Project object */;
			proxyType = 1;
			remoteGlobalIDString = 44529C781ABD4231006C290A;
			remoteInfo = TestApplication;
		};
/* End PBXContainerItemProxy section */

/* Begin PBXFileReference section */
		44529C791ABD4231006C290A /* TestApplication.app */ = {isa = PBXFileReference; explicitFileType = wrapper.application; includeInIndex = 0; path = TestApplication.app; sourceTree = BUILT_PRODUCTS_DIR; };
		44529C7D1ABD4231006C290A /* Info.plist */ = {isa = PBXFileReference; lastKnownFileType = text.plist.xml; path = Info.plist; sourceTree = "<group>"; };
		44529C7E1ABD4231006C290A /* main.m */ = {isa = PBXFileReference; lastKnownFileType = sourcecode.c.objc; path = main.m; sourceTree = "<group>"; };
		44529C801ABD4231006C290A /* AppDelegate.h */ = {isa = PBXFileReference; lastKnownFileType = sourcecode.c.h; path = AppDelegate.h; sourceTree = "<group>"; };
		44529C811ABD4231006C290A /* AppDelegate.m */ = {isa = PBXFileReference; lastKnownFileType = sourcecode.c.objc; path = AppDelegate.m; sourceTree = "<group>"; };
		44529C831ABD4231006C290A /* ViewController.h */ = {isa = PBXFileReference; lastKnownFileType = sourcecode.c.h; path = ViewController.h; sourceTree = "<group>"; };
		44529C841ABD4231006C290A /* ViewController.m */ = {isa = PBXFileReference; lastKnownFileType = sourcecode.c.objc; path = ViewController.m; sourceTree = "<group>"; };
		44529C871ABD4231006C290A /* Base */ = {isa = PBXFileReference; lastKnownFileType = file.storyboard; name = Base; path = Base.lproj/Main.storyboard; sourceTree = "<group>"; };
		44529C891ABD4231006C290A /* Images.xcassets */ = {isa = PBXFileReference; lastKnownFileType = folder.assetcatalog; path = Images.xcassets; sourceTree = "<group>"; };
		44529C8C1ABD4231006C290A /* Base */ = {isa = PBXFileReference; lastKnownFileType = file.xib; name = Base; path = Base.lproj/LaunchScreen.xib; sourceTree = "<group>"; };
		44529C921ABD4231006C290A /* TestApplicationTests.xctest */ = {isa = PBXFileReference; explicitFileType = wrapper.cfbundle; includeInIndex = 0; path = TestApplicationTests.xctest; sourceTree = BUILT_PRODUCTS_DIR; };
		44529C971ABD4231006C290A /* Info.plist */ = {isa = PBXFileReference; lastKnownFileType = text.plist.xml; path = Info.plist; sourceTree = "<group>"; };
		44529C981ABD4231006C290A /* TestApplicationTests.m */ = {isa = PBXFileReference; lastKnownFileType = sourcecode.c.objc; path = TestApplicationTests.m; sourceTree = "<group>"; };
/* End PBXFileReference section */

/* Begin PBXFrameworksBuildPhase section */
		44529C761ABD4231006C290A /* Frameworks */ = {
			isa = PBXFrameworksBuildPhase;
			buildActionMask = 2147483647;
			files = (
			);
			runOnlyForDeploymentPostprocessing = 0;
		};
		44529C8F1ABD4231006C290A /* Frameworks */ = {
			isa = PBXFrameworksBuildPhase;
			buildActionMask = 2147483647;
			files = (
			);
			runOnlyForDeploymentPostprocessing = 0;
		};
/* End PBXFrameworksBuildPhase section */

/* Begin PBXGroup section */
		44529C701ABD4231006C290A = {
			isa = PBXGroup;
			children = (
				44529C7B1ABD4231006C290A /* TestApplication */,
				44529C951ABD4231006C290A /* TestApplicationTests */,
				44529C7A1ABD4231006C290A /* Products */,
			);
			sourceTree = "<group>";
		};
		44529C7A1ABD4231006C290A /* Products */ = {
			isa = PBXGroup;
			children = (
				44529C791ABD4231006C290A /* TestApplication.app */,
				44529C921ABD4231006C290A /* TestApplicationTests.xctest */,
			);
			name = Products;
			sourceTree = "<group>";
		};
		44529C7B1ABD4231006C290A /* TestApplication */ = {
			isa = PBXGroup;
			children = (
				44529C801ABD4231006C290A /* AppDelegate.h */,
				44529C811ABD4231006C290A /* AppDelegate.m */,
				44529C831ABD4231006C290A /* ViewController.h */,
				44529C841ABD4231006C290A /* ViewController.m */,
				44529C861ABD4231006C290A /* Main.storyboard */,
				44529C891ABD4231006C290A /* Images.xcassets */,
				44529C8B1ABD4231006C290A /* LaunchScreen.xib */,
				44529C7C1ABD4231006C290A /* Supporting Files */,
			);
			path = TestApplication;
			sourceTree = "<group>";
		};
		44529C7C1ABD4231006C290A /* Supporting Files */ = {
			isa = PBXGroup;
			children = (
				44529C7D1ABD4231006C290A /* Info.plist */,
				44529C7E1ABD4231006C290A /* main.m */,
			);
			name = "Supporting Files";
			sourceTree = "<group>";
		};
		44529C951ABD4231006C290A /* TestApplicationTests */ = {
			isa = PBXGroup;
			children = (
				44529C981ABD4231006C290A /* TestApplicationTests.m */,
				44529C961ABD4231006C290A /* Supporting Files */,
			);
			path = TestApplicationTests;
			sourceTree = "<group>";
		};
		44529C961ABD4231006C290A /* Supporting Files */ = {
			isa = PBXGroup;
			children = (
				44529C971ABD4231006C290A /* Info.plist */,
			);
			name = "Supporting Files";
			sourceTree = "<group>";
		};
/* End PBXGroup section */

/* Begin PBXNativeTarget section */
		44529C781ABD4231006C290A /* TestApplication */ = {
			isa = PBXNativeTarget;
			buildConfigurationList = 44529C9C1ABD4231006C290A /* Build configuration list for PBXNativeTarget "TestApplication" */;
			buildPhases = (
				44529C751ABD4231006C290A /* Sources */,
				44529C761ABD4231006C290A /* Frameworks */,
				44529C771ABD4231006C290A /* Resources */,
			);
			buildRules = (
			);
			dependencies = (
			);
			name = TestApplication;
			productName = TestApplication;
			productReference = 44529C791ABD4231006C290A /* TestApplication.app */;
			productType = "com.apple.product-type.application";
		};
		44529C911ABD4231006C290A /* TestApplicationTests */ = {
			isa = PBXNativeTarget;
			buildConfigurationList = 44529C9F1ABD4231006C290A /* Build configuration list for PBXNativeTarget "TestApplicationTests" */;
			buildPhases = (
				44529C8E1ABD4231006C290A /* Sources */,
				44529C8F1ABD4231006C290A /* Frameworks */,
				44529C901ABD4231006C290A /* Resources */,
			);
			buildRules = (
			);
			dependencies = (
				44529C941ABD4231006C290A /* PBXTargetDependency */,
			);
			name = TestApplicationTests;
			productName = TestApplicationTests;
			productReference = 44529C921ABD4231006C290A /* TestApplicationTests.xctest */;
			productType = "com.apple.product-type.bundle.unit-test";
		};
/* End PBXNativeTarget section */

/* Begin PBXProject section */
		44529C711ABD4231006C290A /* Project object */ = {
			isa = PBXProject;
			attributes = {
				LastUpgradeCheck = 0620;
				ORGANIZATIONNAME = "SYNC Technologies";
				TargetAttributes = {
					44529C781ABD4231006C290A = {
						CreatedOnToolsVersion = 6.2;
					};
					44529C911ABD4231006C290A = {
						CreatedOnToolsVersion = 6.2;
						TestTargetID = 44529C781ABD4231006C290A;
					};
				};
			};
			buildConfigurationList = 44529C741ABD4231006C290A /* Build configuration list for PBXProject "TestApplication" */;
			compatibilityVersion = "Xcode 3.2";
			developmentRegion = English;
			hasScannedForEncodings = 0;
			knownRegions = (
				en,
				Base,
			);
			mainGroup = 44529C701ABD4231006C290A;
			productRefGroup = 44529C7A1ABD4231006C290A /* Products */;
			projectDirPath = "";
			projectRoot = "";
			targets = (
				44529C781ABD4231006C290A /* TestApplication */,
				44529C911ABD4231006C290A /* TestApplicationTests */,
			);
		};
/* End PBXProject section */

/* Begin PBXResourcesBuildPhase section */
		44529C771ABD4231006C290A /* Resources */ = {
			isa = PBXResourcesBuildPhase;
			buildActionMask = 2147483647;
			files = (
				44529C881ABD4231006C290A /* Main.storyboard in Resources */,
				44529C8D1ABD4231006C290A /* LaunchScreen.xib in Resources */,
				44529C8A1ABD4231006C290A /* Images.xcassets in Resources */,
			);
			runOnlyForDeploymentPostprocessing = 0;
		};
		44529C901ABD4231006C290A /* Resources */ = {
			isa = PBXResourcesBuildPhase;
			buildActionMask = 2147483647;
			files = (
			);
			runOnlyForDeploymentPostprocessing = 0;
		};
/* End PBXResourcesBuildPhase section */

/* Begin PBXSourcesBuildPhase section */
		44529C751ABD4231006C290A /* Sources */ = {
			isa = PBXSourcesBuildPhase;
			buildActionMask = 2147483647;
			files = (
				44529C851ABD4231006C290A /* ViewController.m in Sources */,
				44529C821ABD4231006C290A /* AppDelegate.m in Sources */,
				44529C7F1ABD4231006C290A /* main.m in Sources */,
			);
			runOnlyForDeploymentPostprocessing = 0;
		};
		44529C8E1ABD4231006C290A /* Sources */ = {
			isa = PBXSourcesBuildPhase;
			buildActionMask = 2147483647;
			files = (
				44529C991ABD4231006C290A /* TestApplicationTests.m in Sources */,
			);
			runOnlyForDeploymentPostprocessing = 0;
		};
/* End PBXSourcesBuildPhase section */

/* Begin PBXTargetDependency section */
		44529C941ABD4231006C290A /* PBXTargetDependency */ = {
			isa = PBXTargetDependency;
			target = 44529C781ABD4231006C290A /* TestApplication */;
			targetProxy = 44529C931ABD4231006C290A /* PBXContainerItemProxy */;
		};
/* End PBXTargetDependency section */

/* Begin PBXVariantGroup section */
		44529C861ABD4231006C290A /* Main.storyboard */ = {
			isa = PBXVariantGroup;
			children = (
				44529C871ABD4231006C290A /* Base */,
			);
			name = Main.storyboard;
			sourceTree = "<group>";
		};
		44529C8B1ABD4231006C290A /* LaunchScreen.xib */ = {
			isa = PBXVariantGroup;
			children = (
				44529C8C1ABD4231006C290A /* Base */,
			);
			name = LaunchScreen.xib;
			sourceTree = "<group>";
		};
/* End PBXVariantGroup section */

/* Begin XCBuildConfiguration section */
		44529C9A1ABD4231006C290A /* Debug */ = {
			isa = XCBuildConfiguration;
			buildSettings = {
				ALWAYS_SEARCH_USER_PATHS = NO;
				CLANG_CXX_LANGUAGE_STANDARD = "gnu++0x";
				CLANG_CXX_LIBRARY = "libc++";
				CLANG_ENABLE_MODULES = YES;
				CLANG_ENABLE_OBJC_ARC = YES;
				CLANG_WARN_BOOL_CONVERSION = YES;
				CLANG_WARN_CONSTANT_CONVERSION = YES;
				CLANG_WARN_DIRECT_OBJC_ISA_USAGE = YES_ERROR;
				CLANG_WARN_EMPTY_BODY = YES;
				CLANG_WARN_ENUM_CONVERSION = YES;
				CLANG_WARN_INT_CONVERSION = YES;
				CLANG_WARN_OBJC_ROOT_CLASS = YES_ERROR;
				CLANG_WARN_UNREACHABLE_CODE = YES;
				CLANG_WARN__DUPLICATE_METHOD_MATCH = YES;
				"CODE_SIGN_IDENTITY[sdk=iphoneos*]" = "iPhone Developer";
				COPY_PHASE_STRIP = NO;
				ENABLE_STRICT_OBJC_MSGSEND = YES;
				GCC_C_LANGUAGE_STANDARD = gnu99;
				GCC_DYNAMIC_NO_PIC = NO;
				GCC_OPTIMIZATION_LEVEL = 0;
				GCC_PREPROCESSOR_DEFINITIONS = (
					"DEBUG=1",
					"$(inherited)",
				);
				GCC_SYMBOLS_PRIVATE_EXTERN = NO;
				GCC_WARN_64_TO_32_BIT_CONVERSION = YES;
				GCC_WARN_ABOUT_RETURN_TYPE = YES_ERROR;
				GCC_WARN_UNDECLARED_SELECTOR = YES;
				GCC_WARN_UNINITIALIZED_AUTOS = YES_AGGRESSIVE;
				GCC_WARN_UNUSED_FUNCTION = YES;
				GCC_WARN_UNUSED_VARIABLE = YES;
				IPHONEOS_DEPLOYMENT_TARGET = 8.2;
				MTL_ENABLE_DEBUG_INFO = YES;
				ONLY_ACTIVE_ARCH = YES;
				SDKROOT = iphoneos;
			};
			name = Debug;
		};
		44529C9B1ABD4231006C290A /* Release */ = {
			isa = XCBuildConfiguration;
			buildSettings = {
				ALWAYS_SEARCH_USER_PATHS = NO;
				CLANG_CXX_LANGUAGE_STANDARD = "gnu++0x";
				CLANG_CXX_LIBRARY = "libc++";
				CLANG_ENABLE_MODULES = YES;
				CLANG_ENABLE_OBJC_ARC = YES;
				CLANG_WARN_BOOL_CONVERSION = YES;
				CLANG_WARN_CONSTANT_CONVERSION = YES;
				CLANG_WARN_DIRECT_OBJC_ISA_USAGE = YES_ERROR;
				CLANG_WARN_EMPTY_BODY = YES;
				CLANG_WARN_ENUM_CONVERSION = YES;
				CLANG_WARN_INT_CONVERSION = YES;
				CLANG_WARN_OBJC_ROOT_CLASS = YES_ERROR;
				CLANG_WARN_UNREACHABLE_CODE = YES;
				CLANG_WARN__DUPLICATE_METHOD_MATCH = YES;
				"CODE_SIGN_IDENTITY[sdk=iphoneos*]" = "iPhone Developer";
				COPY_PHASE_STRIP = NO;
				ENABLE_NS_ASSERTIONS = NO;
				ENABLE_STRICT_OBJC_MSGSEND = YES;
				GCC_C_LANGUAGE_STANDARD = gnu99;
				GCC_WARN_64_TO_32_BIT_CONVERSION = YES;
				GCC_WARN_ABOUT_RETURN_TYPE = YES_ERROR;
				GCC_WARN_UNDECLARED_SELECTOR = YES;
				GCC_WARN_UNINITIALIZED_AUTOS = YES_AGGRESSIVE;
				GCC_WARN_UNUSED_FUNCTION = YES;
				GCC_WARN_UNUSED_VARIABLE = YES;
				IPHONEOS_DEPLOYMENT_TARGET = 8.2;
				MTL_ENABLE_DEBUG_INFO = NO;
				SDKROOT = iphoneos;
				VALIDATE_PRODUCT = YES;
			};
			name = Release;
		};
		44529C9D1ABD4231006C290A /* Debug */ = {
			isa = XCBuildConfiguration;
			buildSettings = {
				ASSETCATALOG_COMPILER_APPICON_NAME = AppIcon;
				INFOPLIST_FILE = TestApplication/Info.plist;
				LD_RUNPATH_SEARCH_PATHS = "$(inherited) @executable_path/Frameworks";
				PRODUCT_NAME = "$(TARGET_NAME)";
			};
			name = Debug;
		};
		44529C9E1ABD4231006C290A /* Release */ = {
			isa = XCBuildConfiguration;
			buildSettings = {
				ASSETCATALOG_COMPILER_APPICON_NAME = AppIcon;
				INFOPLIST_FILE = TestApplication/Info.plist;
				LD_RUNPATH_SEARCH_PATHS = "$(inherited) @executable_path/Frameworks";
				PRODUCT_NAME = "$(TARGET_NAME)";
			};
			name = Release;
		};
		44529CA01ABD4231006C290A /* Debug */ = {
			isa = XCBuildConfiguration;
			buildSettings = {
				BUNDLE_LOADER = "$(TEST_HOST)";
				FRAMEWORK_SEARCH_PATHS = (
					"$(SDKROOT)/Developer/Library/Frameworks",
					"$(inherited)",
				);
				GCC_PREPROCESSOR_DEFINITIONS = (
					"DEBUG=1",
					"$(inherited)",
				);
				INFOPLIST_FILE = TestApplicationTests/Info.plist;
				LD_RUNPATH_SEARCH_PATHS = "$(inherited) @executable_path/Frameworks @loader_path/Frameworks";
				PRODUCT_NAME = "$(TARGET_NAME)";
				TEST_HOST = "$(BUILT_PRODUCTS_DIR)/TestApplication.app/TestApplication";
			};
			name = Debug;
		};
		44529CA11ABD4231006C290A /* Release */ = {
			isa = XCBuildConfiguration;
			buildSettings = {
				BUNDLE_LOADER = "$(TEST_HOST)";
				FRAMEWORK_SEARCH_PATHS = (
					"$(SDKROOT)/Developer/Library/Frameworks",
					"$(inherited)",
				);
				INFOPLIST_FILE = TestApplicationTests/Info.plist;
				LD_RUNPATH_SEARCH_PATHS = "$(inherited) @executable_path/Frameworks @loader_path/Frameworks";
				PRODUCT_NAME = "$(TARGET_NAME)";
				TEST_HOST = "$(BUILT_PRODUCTS_DIR)/TestApplication.app/TestApplication";
			};
			name = Release;
		};
/* End XCBuildConfiguration section */

/* Begin XCConfigurationList section */
		44529C741ABD4231006C290A /* Build configuration list for PBXProject "TestApplication" */ = {
			isa = XCConfigurationList;
			buildConfigurations = (
				44529C9A1ABD4231006C290A /* Debug */,
				44529C9B1ABD4231006C290A /* Release */,
			);
			defaultConfigurationIsVisible = 0;
			defaultConfigurationName = Release;
		};
		44529C9C1ABD4231006C290A /* Build configuration list for PBXNativeTarget "TestApplication" */ = {
			isa = XCConfigurationList;
			buildConfigurations = (
				44529C9D1ABD4231006C290A /* Debug */,
				44529C9E1ABD4231006C290A /* Release */,
			);
			defaultConfigurationIsVisible = 0;
		};
		44529C9F1ABD4231006C290A /* Build configuration list for PBXNativeTarget "TestApplicationTests" */ = {
			isa = XCConfigurationList;
			buildConfigurations = (
				44529CA01ABD4231006C290A /* Debug */,
				44529CA11ABD4231006C290A /* Release */,
			);
			defaultConfigurationIsVisible = 0;
		};
/* End XCConfigurationList section */
	};
	rootObject = 44529C711ABD4231006C290A /* Project object */;
}
